
Microsoft Visual Studio Solution File, Format Version 12.00
# Visual Studio 15
VisualStudioVersion = 15.0.28307.329
MinimumVisualStudioVersion = 10.0.40219.1
Project("{FAE04EC0-301F-11D3-BF4B-00C04F79EFBC}") = "MyFirstEfCoreApp", "MyFirstEfCoreApp\MyFirstEfCoreApp.csproj", "{1AB2300C-8886-44EC-BB01-C8A054425F36}"
EndProject
Global
	GlobalSection(SolutionConfigurationPlatforms) = preSolution
		Debug|Any CPU = Debug|Any CPU
		Release|Any CPU = Release|Any CPU
	EndGlobalSection
	GlobalSection(ProjectConfigurationPlatforms) = postSolution
		{1AB2300C-8886-44EC-BB01-C8A054425F36}.Debug|Any CPU.ActiveCfg = Debug|Any CPU
		{1AB2300C-8886-44EC-BB01-C8A054425F36}.Debug|Any CPU.Build.0 = Debug|Any CPU
		{1AB2300C-8886-44EC-BB01-C8A054425F36}.Release|Any CPU.ActiveCfg = Release|Any CPU
		{1AB2300C-8886-44EC-BB01-C8A054425F36}.Release|Any CPU.Build.0 = Release|Any CPU
	EndGlobalSection
	GlobalSection(SolutionProperties) = preSolution
		HideSolutionNode = FALSE
	EndGlobalSection
	GlobalSection(ExtensibilityGlobals) = postSolution
		SolutionGuid = {1A2854A9-1783-4A63-86F8-1E5A262915DC}
	EndGlobalSection
EndGlobal
